
Microsoft Visual Studio Solution File, Format Version 12.00
# Visual Studio Version 17
VisualStudioVersion = 17.0.31903.59
MinimumVisualStudioVersion = 10.0.40219.1
Project("{2150E333-8FDC-42A3-9474-1A3956D46DE8}") = "Source", "Source", "{74C096C7-EE8E-41DB-9DD4-09F4F3A29992}"
EndProject
Project("{2150E333-8FDC-42A3-9474-1A3956D46DE8}") = "Client", "Client", "{5C72F24F-D6DE-4FD2-91A3-4A01218A715B}"
EndProject
Project("{2150E333-8FDC-42A3-9474-1A3956D46DE8}") = "Server", "Server", "{695FB7F1-F5FE-488E-B39D-CF0E657CCB06}"
EndProject
Project("{2150E333-8FDC-42A3-9474-1A3956D46DE8}") = "Testing", "Testing", "{3F1AB073-5A40-4A81-97E8-B1E4114CF061}"
EndProject
Project("{2150E333-8FDC-42A3-9474-1A3956D46DE8}") = "Client", "Client", "{D811FE9F-DC64-440D-981C-6F9244317F1C}"
EndProject
Project("{2150E333-8FDC-42A3-9474-1A3956D46DE8}") = "Server", "Server", "{33B7BCBD-0B9B-4A15-9DD6-B82E339A105A}"
EndProject
Project("{FAE04EC0-301F-11D3-BF4B-00C04F79EFBC}") = "Reoria.Client", "source\Reoria.Client\Reoria.Client.csproj", "{DE756AD5-D00F-4AC0-9AD4-37F2C5351138}"
EndProject
Project("{FAE04EC0-301F-11D3-BF4B-00C04F79EFBC}") = "Reoria.Server", "source\Reoria.Server\Reoria.Server.csproj", "{C3C12C2E-CEE9-4A65-A96A-84D52DB9BB83}"
EndProject
Project("{FAE04EC0-301F-11D3-BF4B-00C04F79EFBC}") = "Reoria", "source\Reoria\Reoria.csproj", "{359E9C53-7375-4955-B6BA-574BD8B2C7F6}"
EndProject
Project("{FAE04EC0-301F-11D3-BF4B-00C04F79EFBC}") = "Reoria.Client.Testing", "testing\Reoria.Client.Testing\Reoria.Client.Testing.csproj", "{476DEAE1-7E94-4C66-926F-05941F3207DA}"
EndProject
Project("{FAE04EC0-301F-11D3-BF4B-00C04F79EFBC}") = "Reoria.Testing", "testing\Reoria.Testing\Reoria.Testing.csproj", "{A56ACE74-69EA-4EA8-8535-C2A8AA050C48}"
EndProject
Project("{9A19103F-16F7-4668-BE54-9A1E7A4F7556}") = "Reoria.Server.Testing", "testing\Reoria.Server.Testing\Reoria.Server.Testing.csproj", "{ABDF557F-6BBC-49F4-B476-540983C5BE9F}"
EndProject
Global
	GlobalSection(SolutionConfigurationPlatforms) = preSolution
		Debug|Any CPU = Debug|Any CPU
		Release|Any CPU = Release|Any CPU
	EndGlobalSection
	GlobalSection(ProjectConfigurationPlatforms) = postSolution
		{DE756AD5-D00F-4AC0-9AD4-37F2C5351138}.Debug|Any CPU.ActiveCfg = Debug|Any CPU
		{DE756AD5-D00F-4AC0-9AD4-37F2C5351138}.Debug|Any CPU.Build.0 = Debug|Any CPU
		{DE756AD5-D00F-4AC0-9AD4-37F2C5351138}.Release|Any CPU.ActiveCfg = Release|Any CPU
		{DE756AD5-D00F-4AC0-9AD4-37F2C5351138}.Release|Any CPU.Build.0 = Release|Any CPU
		{C3C12C2E-CEE9-4A65-A96A-84D52DB9BB83}.Debug|Any CPU.ActiveCfg = Debug|Any CPU
		{C3C12C2E-CEE9-4A65-A96A-84D52DB9BB83}.Debug|Any CPU.Build.0 = Debug|Any CPU
		{C3C12C2E-CEE9-4A65-A96A-84D52DB9BB83}.Release|Any CPU.ActiveCfg = Release|Any CPU
		{C3C12C2E-CEE9-4A65-A96A-84D52DB9BB83}.Release|Any CPU.Build.0 = Release|Any CPU
		{359E9C53-7375-4955-B6BA-574BD8B2C7F6}.Debug|Any CPU.ActiveCfg = Debug|Any CPU
		{359E9C53-7375-4955-B6BA-574BD8B2C7F6}.Debug|Any CPU.Build.0 = Debug|Any CPU
		{359E9C53-7375-4955-B6BA-574BD8B2C7F6}.Release|Any CPU.ActiveCfg = Release|Any CPU
		{359E9C53-7375-4955-B6BA-574BD8B2C7F6}.Release|Any CPU.Build.0 = Release|Any CPU
		{476DEAE1-7E94-4C66-926F-05941F3207DA}.Debug|Any CPU.ActiveCfg = Debug|Any CPU
		{476DEAE1-7E94-4C66-926F-05941F3207DA}.Debug|Any CPU.Build.0 = Debug|Any CPU
		{476DEAE1-7E94-4C66-926F-05941F3207DA}.Release|Any CPU.ActiveCfg = Release|Any CPU
		{476DEAE1-7E94-4C66-926F-05941F3207DA}.Release|Any CPU.Build.0 = Release|Any CPU
		{A56ACE74-69EA-4EA8-8535-C2A8AA050C48}.Debug|Any CPU.ActiveCfg = Debug|Any CPU
		{A56ACE74-69EA-4EA8-8535-C2A8AA050C48}.Debug|Any CPU.Build.0 = Debug|Any CPU
		{A56ACE74-69EA-4EA8-8535-C2A8AA050C48}.Release|Any CPU.ActiveCfg = Release|Any CPU
		{A56ACE74-69EA-4EA8-8535-C2A8AA050C48}.Release|Any CPU.Build.0 = Release|Any CPU
		{ABDF557F-6BBC-49F4-B476-540983C5BE9F}.Debug|Any CPU.ActiveCfg = Debug|Any CPU
		{ABDF557F-6BBC-49F4-B476-540983C5BE9F}.Debug|Any CPU.Build.0 = Debug|Any CPU
		{ABDF557F-6BBC-49F4-B476-540983C5BE9F}.Release|Any CPU.ActiveCfg = Release|Any CPU
		{ABDF557F-6BBC-49F4-B476-540983C5BE9F}.Release|Any CPU.Build.0 = Release|Any CPU
	EndGlobalSection
	GlobalSection(SolutionProperties) = preSolution
		HideSolutionNode = FALSE
	EndGlobalSection
	GlobalSection(NestedProjects) = preSolution
		{5C72F24F-D6DE-4FD2-91A3-4A01218A715B} = {74C096C7-EE8E-41DB-9DD4-09F4F3A29992}
		{695FB7F1-F5FE-488E-B39D-CF0E657CCB06} = {74C096C7-EE8E-41DB-9DD4-09F4F3A29992}
		{D811FE9F-DC64-440D-981C-6F9244317F1C} = {3F1AB073-5A40-4A81-97E8-B1E4114CF061}
		{33B7BCBD-0B9B-4A15-9DD6-B82E339A105A} = {3F1AB073-5A40-4A81-97E8-B1E4114CF061}
		{DE756AD5-D00F-4AC0-9AD4-37F2C5351138} = {5C72F24F-D6DE-4FD2-91A3-4A01218A715B}
		{C3C12C2E-CEE9-4A65-A96A-84D52DB9BB83} = {695FB7F1-F5FE-488E-B39D-CF0E657CCB06}
		{359E9C53-7375-4955-B6BA-574BD8B2C7F6} = {74C096C7-EE8E-41DB-9DD4-09F4F3A29992}
		{476DEAE1-7E94-4C66-926F-05941F3207DA} = {D811FE9F-DC64-440D-981C-6F9244317F1C}
		{A56ACE74-69EA-4EA8-8535-C2A8AA050C48} = {3F1AB073-5A40-4A81-97E8-B1E4114CF061}
		{ABDF557F-6BBC-49F4-B476-540983C5BE9F} = {33B7BCBD-0B9B-4A15-9DD6-B82E339A105A}
	EndGlobalSection
	GlobalSection(ExtensibilityGlobals) = postSolution
		SolutionGuid = {7895954C-84AB-4560-9A1E-CB474AF58646}
	EndGlobalSection
EndGlobal
